
Microsoft Visual Studio Solution File, Format Version 12.00
# Visual Studio Version 17
VisualStudioVersion = 17.11.35312.102
MinimumVisualStudioVersion = 10.0.40219.1
Project("{FAE04EC0-301F-11D3-BF4B-00C04F79EFBC}") = "SaveMate", "SaveMate\SaveMate.csproj", "{E1000FD9-9D1E-4F65-8FC4-AAF9DECB297D}"
EndProject
Global
	GlobalSection(SolutionConfigurationPlatforms) = preSolution
		Debug|Any CPU = Debug|Any CPU
		Release|Any CPU = Release|Any CPU
	EndGlobalSection
	GlobalSection(ProjectConfigurationPlatforms) = postSolution
		{E1000FD9-9D1E-4F65-8FC4-AAF9DECB297D}.Debug|Any CPU.ActiveCfg = Debug|Any CPU
		{E1000FD9-9D1E-4F65-8FC4-AAF9DECB297D}.Debug|Any CPU.Build.0 = Debug|Any CPU
		{E1000FD9-9D1E-4F65-8FC4-AAF9DECB297D}.Release|Any CPU.ActiveCfg = Release|Any CPU
		{E1000FD9-9D1E-4F65-8FC4-AAF9DECB297D}.Release|Any CPU.Build.0 = Release|Any CPU
	EndGlobalSection
	GlobalSection(SolutionProperties) = preSolution
		HideSolutionNode = FALSE
	EndGlobalSection
	GlobalSection(ExtensibilityGlobals) = postSolution
		SolutionGuid = {E7B6B2A1-3212-41B6-A66D-22B5A93A2E66}
	EndGlobalSection
EndGlobal
